Microsoft Visual Studio Solution File, Format Version 12.00
# Visual Studio Version 16
VisualStudioVersion = 16.0.31105.61
MinimumVisualStudioVersion = 10.0.40219.1
Project("{9A19103F-16F7-4668-BE54-9A1E7A4F7556}") = "DeviceIOControlLib", "DeviceIOControlLib\DeviceIOControlLib.csproj", "{E97B440E-2262-48FF-A55F-18BEAB45002C}"
EndProject
Project("{9A19103F-16F7-4668-BE54-9A1E7A4F7556}") = "DemoApplication", "DemoApplication\DemoApplication.csproj", "{21833BBC-D9D2-43CA-ADB1-EF51B7872CB1}"
EndProject
Project("{2150E333-8FDC-42A3-9474-1A3956D46DE8}") = "_Imports", "_Imports", "{7E125680-25C4-4C18-B578-38F1EAD6A66D}"
	ProjectSection(SolutionItems) = preProject
		..\RawDiskLib\_Imports\Local.targets = ..\RawDiskLib\_Imports\Local.targets
		..\RawDiskLib\_Imports\Test.targets = ..\RawDiskLib\_Imports\Test.targets
	EndProjectSection
EndProject
Project("{2150E333-8FDC-42A3-9474-1A3956D46DE8}") = "Solution Items", "Solution Items", "{610ABF08-C583-4AA8-AF21-827BD7120B9E}"
	ProjectSection(SolutionItems) = preProject
		..\RawDiskLib\Directory.Build.props = ..\RawDiskLib\Directory.Build.props
	EndProjectSection
EndProject
Global
	GlobalSection(SolutionConfigurationPlatforms) = preSolution
		Debug|Any CPU = Debug|Any CPU
		Release|Any CPU = Release|Any CPU
	EndGlobalSection
	GlobalSection(ProjectConfigurationPlatforms) = postSolution
		{E97B440E-2262-48FF-A55F-18BEAB45002C}.Debug|Any CPU.ActiveCfg = Debug|Any CPU
		{E97B440E-2262-48FF-A55F-18BEAB45002C}.Debug|Any CPU.Build.0 = Debug|Any CPU
		{E97B440E-2262-48FF-A55F-18BEAB45002C}.Release|Any CPU.ActiveCfg = Release|Any CPU
		{E97B440E-2262-48FF-A55F-18BEAB45002C}.Release|Any CPU.Build.0 = Release|Any CPU
		{21833BBC-D9D2-43CA-ADB1-EF51B7872CB1}.Debug|Any CPU.ActiveCfg = Debug|Any CPU
		{21833BBC-D9D2-43CA-ADB1-EF51B7872CB1}.Debug|Any CPU.Build.0 = Debug|Any CPU
		{21833BBC-D9D2-43CA-ADB1-EF51B7872CB1}.Release|Any CPU.ActiveCfg = Release|Any CPU
		{21833BBC-D9D2-43CA-ADB1-EF51B7872CB1}.Release|Any CPU.Build.0 = Release|Any CPU
	EndGlobalSection
	GlobalSection(SolutionProperties) = preSolution
		HideSolutionNode = FALSE
	EndGlobalSection
	GlobalSection(NestedProjects) = preSolution
		{7E125680-25C4-4C18-B578-38F1EAD6A66D} = {610ABF08-C583-4AA8-AF21-827BD7120B9E}
	EndGlobalSection
	GlobalSection(ExtensibilityGlobals) = postSolution
		SolutionGuid = {822B9D89-6136-4A10-A3B3-4CA9261F8F12}
	EndGlobalSection
EndGlobal
