
Microsoft Visual Studio Solution File, Format Version 12.00
# Visual Studio 15
VisualStudioVersion = 15.0.26114.2
MinimumVisualStudioVersion = 10.0.40219.1
Project("{FAE04EC0-301F-11D3-BF4B-00C04F79EFBC}") = "DeviceIOControlLib", "DeviceIOControlLib\DeviceIOControlLib.csproj", "{E97B440E-2262-48FF-A55F-18BEAB45002C}"
EndProject
Project("{FAE04EC0-301F-11D3-BF4B-00C04F79EFBC}") = "DemoApplication", "DemoApplication\DemoApplication.csproj", "{21833BBC-D9D2-43CA-ADB1-EF51B7872CB1}"
EndProject
Global
	GlobalSection(SolutionConfigurationPlatforms) = preSolution
		Debug|Any CPU = Debug|Any CPU
		Release|Any CPU = Release|Any CPU
	EndGlobalSection
	GlobalSection(ProjectConfigurationPlatforms) = postSolution
		{E97B440E-2262-48FF-A55F-18BEAB45002C}.Debug|Any CPU.ActiveCfg = Debug|Any CPU
		{E97B440E-2262-48FF-A55F-18BEAB45002C}.Debug|Any CPU.Build.0 = Debug|Any CPU
		{E97B440E-2262-48FF-A55F-18BEAB45002C}.Release|Any CPU.ActiveCfg = Release|Any CPU
		{E97B440E-2262-48FF-A55F-18BEAB45002C}.Release|Any CPU.Build.0 = Release|Any CPU
		{21833BBC-D9D2-43CA-ADB1-EF51B7872CB1}.Debug|Any CPU.ActiveCfg = Debug|Any CPU
		{21833BBC-D9D2-43CA-ADB1-EF51B7872CB1}.Debug|Any CPU.Build.0 = Debug|Any CPU
		{21833BBC-D9D2-43CA-ADB1-EF51B7872CB1}.Release|Any CPU.ActiveCfg = Release|Any CPU
		{21833BBC-D9D2-43CA-ADB1-EF51B7872CB1}.Release|Any CPU.Build.0 = Release|Any CPU
	EndGlobalSection
	GlobalSection(SolutionProperties) = preSolution
		HideSolutionNode = FALSE
	EndGlobalSection
EndGlobal
